
Microsoft Visual Studio Solution File, Format Version 12.00
# Visual Studio Version 17
VisualStudioVersion = 17.12.35527.113
MinimumVisualStudioVersion = 10.0.40219.1
Project("{FAE04EC0-301F-11D3-BF4B-00C04F79EFBC}") = "BeforeBuild", "BeforeBuild\BeforeBuild.csproj", "{BA4A72EC-5A5E-4C9C-B5EA-B5D317541391}"
EndProject
Project("{2150E333-8FDC-42A3-9474-1A3956D46DE8}") = "NopCommerce", "NopCommerce", "{D106335B-0CC3-4CDA-B655-72F764AE810B}"
EndProject
Project("{2150E333-8FDC-42A3-9474-1A3956D46DE8}") = "Plugins", "Plugins", "{AAF214DC-5450-41A6-B71D-284D3A66948A}"
EndProject
Project("{2150E333-8FDC-42A3-9474-1A3956D46DE8}") = "Presentation", "Presentation", "{0183ABDA-8B7E-48D3-8677-5F38733408AA}"
EndProject
Project("{2150E333-8FDC-42A3-9474-1A3956D46DE8}") = "Tests", "Tests", "{D9972EC1-10B1-4E28-B28D-75ACD183BEF4}"
EndProject
Project("{FAE04EC0-301F-11D3-BF4B-00C04F79EFBC}") = "Nop.Web", "NopCommerce\src\Presentation\Nop.Web\Nop.Web.csproj", "{E151692D-CE66-4FFB-905D-E8A38271F374}"
	ProjectSection(ProjectDependencies) = postProject
		{BA4A72EC-5A5E-4C9C-B5EA-B5D317541391} = {BA4A72EC-5A5E-4C9C-B5EA-B5D317541391}
	EndProjectSection
EndProject
Project("{FAE04EC0-301F-11D3-BF4B-00C04F79EFBC}") = "Nop.Web.Framework", "NopCommerce\src\Presentation\Nop.Web.Framework\Nop.Web.Framework.csproj", "{0C470978-38D8-4EEE-BE0B-54289EEE4845}"
	ProjectSection(ProjectDependencies) = postProject
		{BA4A72EC-5A5E-4C9C-B5EA-B5D317541391} = {BA4A72EC-5A5E-4C9C-B5EA-B5D317541391}
	EndProjectSection
EndProject
Project("{2150E333-8FDC-42A3-9474-1A3956D46DE8}") = "Libraries", "Libraries", "{6FC09445-4AEC-4539-9578-FA72EB55D913}"
EndProject
Project("{FAE04EC0-301F-11D3-BF4B-00C04F79EFBC}") = "Nop.Core", "NopCommerce\src\Libraries\Nop.Core\Nop.Core.csproj", "{BCB88095-00F6-490D-A971-F4874944D765}"
	ProjectSection(ProjectDependencies) = postProject
		{BA4A72EC-5A5E-4C9C-B5EA-B5D317541391} = {BA4A72EC-5A5E-4C9C-B5EA-B5D317541391}
	EndProjectSection
EndProject
Project("{FAE04EC0-301F-11D3-BF4B-00C04F79EFBC}") = "Nop.Data", "NopCommerce\src\Libraries\Nop.Data\Nop.Data.csproj", "{1EE5181C-1106-4B3B-936E-219F235FB7EA}"
	ProjectSection(ProjectDependencies) = postProject
		{BA4A72EC-5A5E-4C9C-B5EA-B5D317541391} = {BA4A72EC-5A5E-4C9C-B5EA-B5D317541391}
	EndProjectSection
EndProject
Project("{FAE04EC0-301F-11D3-BF4B-00C04F79EFBC}") = "Nop.Services", "NopCommerce\src\Libraries\Nop.Services\Nop.Services.csproj", "{187EB882-31BD-4B0B-8D97-A9061DF04835}"
	ProjectSection(ProjectDependencies) = postProject
		{BA4A72EC-5A5E-4C9C-B5EA-B5D317541391} = {BA4A72EC-5A5E-4C9C-B5EA-B5D317541391}
	EndProjectSection
EndProject
Project("{FAE04EC0-301F-11D3-BF4B-00C04F79EFBC}") = "Nop.Plugin.DiscountRules.CustomerRoles", "NopCommerce\src\Plugins\Nop.Plugin.DiscountRules.CustomerRoles\Nop.Plugin.DiscountRules.CustomerRoles.csproj", "{62B2EA02-9D0E-42AE-ADC1-C1E2CFFE664A}"
	ProjectSection(ProjectDependencies) = postProject
		{BA4A72EC-5A5E-4C9C-B5EA-B5D317541391} = {BA4A72EC-5A5E-4C9C-B5EA-B5D317541391}
	EndProjectSection
EndProject
Project("{FAE04EC0-301F-11D3-BF4B-00C04F79EFBC}") = "Nop.Plugin.ExternalAuth.Facebook", "NopCommerce\src\Plugins\Nop.Plugin.ExternalAuth.Facebook\Nop.Plugin.ExternalAuth.Facebook.csproj", "{EB6A4EBB-43A9-41AC-88BC-2786524EFBA9}"
	ProjectSection(ProjectDependencies) = postProject
		{BA4A72EC-5A5E-4C9C-B5EA-B5D317541391} = {BA4A72EC-5A5E-4C9C-B5EA-B5D317541391}
	EndProjectSection
EndProject
Project("{FAE04EC0-301F-11D3-BF4B-00C04F79EFBC}") = "Nop.Plugin.Misc.NopMobileApp", "NopCommerce\src\Plugins\Nop.Plugin.Misc.NopMobileApp\Nop.Plugin.Misc.NopMobileApp.csproj", "{4919ED07-112C-4307-B133-94B290CB82AA}"
	ProjectSection(ProjectDependencies) = postProject
		{BA4A72EC-5A5E-4C9C-B5EA-B5D317541391} = {BA4A72EC-5A5E-4C9C-B5EA-B5D317541391}
	EndProjectSection
EndProject
Project("{FAE04EC0-301F-11D3-BF4B-00C04F79EFBC}") = "Nop.Plugin.Misc.WebApi.Frontend", "NopCommerce\src\Plugins\Nop.Plugin.Misc.WebApi.Frontend\Nop.Plugin.Misc.WebApi.Frontend.csproj", "{B9C67944-6BA7-4E00-95A6-4ED0C44A7025}"
	ProjectSection(ProjectDependencies) = postProject
		{BA4A72EC-5A5E-4C9C-B5EA-B5D317541391} = {BA4A72EC-5A5E-4C9C-B5EA-B5D317541391}
	EndProjectSection
EndProject
Project("{FAE04EC0-301F-11D3-BF4B-00C04F79EFBC}") = "Nop.Plugin.MultiFactorAuth.GoogleAuthenticator", "NopCommerce\src\Plugins\Nop.Plugin.MultiFactorAuth.GoogleAuthenticator\Nop.Plugin.MultiFactorAuth.GoogleAuthenticator.csproj", "{D128AD07-8215-4FAF-B6A6-7BFDE3461480}"
	ProjectSection(ProjectDependencies) = postProject
		{BA4A72EC-5A5E-4C9C-B5EA-B5D317541391} = {BA4A72EC-5A5E-4C9C-B5EA-B5D317541391}
	EndProjectSection
EndProject
Project("{FAE04EC0-301F-11D3-BF4B-00C04F79EFBC}") = "Nop.Plugin.Payments.CheckMoneyOrder", "NopCommerce\src\Plugins\Nop.Plugin.Payments.CheckMoneyOrder\Nop.Plugin.Payments.CheckMoneyOrder.csproj", "{896084B3-583F-41E6-A4E1-C6D6494EEA4A}"
	ProjectSection(ProjectDependencies) = postProject
		{BA4A72EC-5A5E-4C9C-B5EA-B5D317541391} = {BA4A72EC-5A5E-4C9C-B5EA-B5D317541391}
	EndProjectSection
EndProject
Project("{FAE04EC0-301F-11D3-BF4B-00C04F79EFBC}") = "Nop.Plugin.Payments.Manual", "NopCommerce\src\Plugins\Nop.Plugin.Payments.Manual\Nop.Plugin.Payments.Manual.csproj", "{C70288C5-3329-43D6-9CBA-6C91DD68CB39}"
	ProjectSection(ProjectDependencies) = postProject
		{BA4A72EC-5A5E-4C9C-B5EA-B5D317541391} = {BA4A72EC-5A5E-4C9C-B5EA-B5D317541391}
	EndProjectSection
EndProject
Project("{FAE04EC0-301F-11D3-BF4B-00C04F79EFBC}") = "Nop.Plugin.Payments.PayPalCommerce", "NopCommerce\src\Plugins\Nop.Plugin.Payments.PayPalCommerce\Nop.Plugin.Payments.PayPalCommerce.csproj", "{3099A451-9A2E-4A08-9CDF-F32C8946370D}"
	ProjectSection(ProjectDependencies) = postProject
		{BA4A72EC-5A5E-4C9C-B5EA-B5D317541391} = {BA4A72EC-5A5E-4C9C-B5EA-B5D317541391}
	EndProjectSection
EndProject
Project("{FAE04EC0-301F-11D3-BF4B-00C04F79EFBC}") = "Nop.Plugin.Pickup.PickupInStore", "NopCommerce\src\Plugins\Nop.Plugin.Pickup.PickupInStore\Nop.Plugin.Pickup.PickupInStore.csproj", "{0607ADB9-5433-487A-B789-85AD80D6E5DF}"
	ProjectSection(ProjectDependencies) = postProject
		{BA4A72EC-5A5E-4C9C-B5EA-B5D317541391} = {BA4A72EC-5A5E-4C9C-B5EA-B5D317541391}
	EndProjectSection
EndProject
Project("{FAE04EC0-301F-11D3-BF4B-00C04F79EFBC}") = "Nop.Plugin.Shipping.FixedByWeightByTotal", "NopCommerce\src\Plugins\Nop.Plugin.Shipping.FixedByWeightByTotal\Nop.Plugin.Shipping.FixedByWeightByTotal.csproj", "{72023711-7F42-439A-894B-64ABDC9337FE}"
	ProjectSection(ProjectDependencies) = postProject
		{BA4A72EC-5A5E-4C9C-B5EA-B5D317541391} = {BA4A72EC-5A5E-4C9C-B5EA-B5D317541391}
	EndProjectSection
EndProject
Project("{FAE04EC0-301F-11D3-BF4B-00C04F79EFBC}") = "Nop.Plugin.Widgets.FacebookPixel", "NopCommerce\src\Plugins\Nop.Plugin.Widgets.FacebookPixel\Nop.Plugin.Widgets.FacebookPixel.csproj", "{26BB0AA2-9D8F-440C-B0F1-37F79FBB9D15}"
	ProjectSection(ProjectDependencies) = postProject
		{BA4A72EC-5A5E-4C9C-B5EA-B5D317541391} = {BA4A72EC-5A5E-4C9C-B5EA-B5D317541391}
	EndProjectSection
EndProject
Project("{FAE04EC0-301F-11D3-BF4B-00C04F79EFBC}") = "Nop.Plugin.Widgets.GoogleAnalytics", "NopCommerce\src\Plugins\Nop.Plugin.Widgets.GoogleAnalytics\Nop.Plugin.Widgets.GoogleAnalytics.csproj", "{27DC5BEA-782F-4017-B2BF-99E5D22003FB}"
	ProjectSection(ProjectDependencies) = postProject
		{BA4A72EC-5A5E-4C9C-B5EA-B5D317541391} = {BA4A72EC-5A5E-4C9C-B5EA-B5D317541391}
	EndProjectSection
EndProject
Project("{FAE04EC0-301F-11D3-BF4B-00C04F79EFBC}") = "Nop.Plugin.Widgets.Swiper", "NopCommerce\src\Plugins\Nop.Plugin.Widgets.Swiper\Nop.Plugin.Widgets.Swiper.csproj", "{F7E4DD0B-948E-43B8-9D0D-E63E0E3C183C}"
	ProjectSection(ProjectDependencies) = postProject
		{BA4A72EC-5A5E-4C9C-B5EA-B5D317541391} = {BA4A72EC-5A5E-4C9C-B5EA-B5D317541391}
	EndProjectSection
EndProject
Project("{FAE04EC0-301F-11D3-BF4B-00C04F79EFBC}") = "Nop.Tests", "NopCommerce\src\Tests\Nop.Tests\Nop.Tests.csproj", "{99C6FDB9-4F8C-40CE-A31C-84E4558D7774}"
	ProjectSection(ProjectDependencies) = postProject
		{BA4A72EC-5A5E-4C9C-B5EA-B5D317541391} = {BA4A72EC-5A5E-4C9C-B5EA-B5D317541391}
	EndProjectSection
EndProject
Project("{2150E333-8FDC-42A3-9474-1A3956D46DE8}") = "src", "src", "{B5D156F6-E4C0-4374-A781-AF85C5B56072}"
EndProject
Project("{2150E333-8FDC-42A3-9474-1A3956D46DE8}") = "Plugins", "Plugins", "{05448DF8-4EEE-43E4-B96F-E6CED46FCBE8}"
EndProject
Project("{FAE04EC0-301F-11D3-BF4B-00C04F79EFBC}") = "Nop.Plugin.Payments.Sermepa", "NopCommerce\src\Plugins\Nop.Plugin.Payments.Sermepa\Nop.Plugin.Payments.Sermepa.csproj", "{84452AD7-43E2-457E-A943-2098998D4591}"
EndProject
Project("{FAE04EC0-301F-11D3-BF4B-00C04F79EFBC}") = "Nop.Plugin.Payments.CashOnDelivery", "NopCommerce\src\Plugins\Nop.Plugin.Payments.CashOnDelivery\Nop.Plugin.Payments.CashOnDelivery.csproj", "{C4260E5E-C67A-450E-AA29-E15F67F81C55}"
EndProject
Project("{FAE04EC0-301F-11D3-BF4B-00C04F79EFBC}") = "Nop.Plugin.Payments.PayU", "NopCommerce\src\Plugins\Nop.Plugin.Payments.PayU\Nop.Plugin.Payments.PayU.csproj", "{CEBC2351-CC41-4DB2-8116-28BAEEBFDC55}"
EndProject
Project("{FAE04EC0-301F-11D3-BF4B-00C04F79EFBC}") = "Nop.Plugin.Payments.CashOnDelivery", "CustomEcommerce\NopCommerce\Plugins\Nop.Plugin.Payments.CashOnDelivery\Nop.Plugin.Payments.CashOnDelivery.csproj", "{BEC47DCE-67C8-4297-B9AA-B714E51406D7}"
EndProject
Project("{FAE04EC0-301F-11D3-BF4B-00C04F79EFBC}") = "Plugin.Tests", "CustomEcommerce\NopCommerce\Plugins\Plugins.Tests\Plugin.Tests\Plugin.Tests.csproj", "{3F006DFD-0B98-496F-86F3-BFA94685CC12}"
EndProject
Project("{2150E333-8FDC-42A3-9474-1A3956D46DE8}") = "CustomEcommerce", "CustomEcommerce", "{A9C544B2-81A1-4F5D-A467-9FB67CF809A6}"
EndProject
Project("{2150E333-8FDC-42A3-9474-1A3956D46DE8}") = "NopCommerce", "NopCommerce", "{6D839496-48A0-432A-B4FC-C5DD2F67B9EB}"
EndProject
Project("{2150E333-8FDC-42A3-9474-1A3956D46DE8}") = "Plugins", "Plugins", "{4931570F-B885-4E7A-9253-C9604C6AAE3F}"
EndProject
Project("{FAE04EC0-301F-11D3-BF4B-00C04F79EFBC}") = "Nop.Plugin.Api", "CustomEcommerce\NopCommerce\Plugins\Nop.Plugin.Api\Nop.Plugin.Api.csproj", "{30134887-7709-4F42-B69E-5853AFCA8EC0}"
EndProject
Project("{FAE04EC0-301F-11D3-BF4B-00C04F79EFBC}") = "Nop.Plugin.Tax.FixedOrByCountryStateZip", "NopCommerce\src\Plugins\Nop.Plugin.Tax.FixedOrByCountryStateZip\Nop.Plugin.Tax.FixedOrByCountryStateZip.csproj", "{2F88B0F8-A600-40A7-97AF-989D12335394}"
EndProject
Project("{FAE04EC0-301F-11D3-BF4B-00C04F79EFBC}") = "Nop.Plugin.Misc.RecipeSuggestions", "CustomEcommerce\NopCommerce\Plugins\Nop.Plugin.Misc.RecipeSuggestions\Nop.Plugin.Misc.RecipeSuggestions.csproj", "{D144CE71-71DB-466B-A875-FE101C87AE77}"
EndProject
Global
	GlobalSection(SolutionConfigurationPlatforms) = preSolution
		Debug|Any CPU = Debug|Any CPU
		Release|Any CPU = Release|Any CPU
	EndGlobalSection
	GlobalSection(ProjectConfigurationPlatforms) = postSolution
		{BA4A72EC-5A5E-4C9C-B5EA-B5D317541391}.Debug|Any CPU.ActiveCfg = Debug|Any CPU
		{BA4A72EC-5A5E-4C9C-B5EA-B5D317541391}.Debug|Any CPU.Build.0 = Debug|Any CPU
		{BA4A72EC-5A5E-4C9C-B5EA-B5D317541391}.Release|Any CPU.ActiveCfg = Release|Any CPU
		{BA4A72EC-5A5E-4C9C-B5EA-B5D317541391}.Release|Any CPU.Build.0 = Release|Any CPU
		{E151692D-CE66-4FFB-905D-E8A38271F374}.Debug|Any CPU.ActiveCfg = Debug|Any CPU
		{E151692D-CE66-4FFB-905D-E8A38271F374}.Debug|Any CPU.Build.0 = Debug|Any CPU
		{E151692D-CE66-4FFB-905D-E8A38271F374}.Release|Any CPU.ActiveCfg = Release|Any CPU
		{E151692D-CE66-4FFB-905D-E8A38271F374}.Release|Any CPU.Build.0 = Release|Any CPU
		{0C470978-38D8-4EEE-BE0B-54289EEE4845}.Debug|Any CPU.ActiveCfg = Debug|Any CPU
		{0C470978-38D8-4EEE-BE0B-54289EEE4845}.Debug|Any CPU.Build.0 = Debug|Any CPU
		{0C470978-38D8-4EEE-BE0B-54289EEE4845}.Release|Any CPU.ActiveCfg = Release|Any CPU
		{0C470978-38D8-4EEE-BE0B-54289EEE4845}.Release|Any CPU.Build.0 = Release|Any CPU
		{BCB88095-00F6-490D-A971-F4874944D765}.Debug|Any CPU.ActiveCfg = Debug|Any CPU
		{BCB88095-00F6-490D-A971-F4874944D765}.Debug|Any CPU.Build.0 = Debug|Any CPU
		{BCB88095-00F6-490D-A971-F4874944D765}.Release|Any CPU.ActiveCfg = Release|Any CPU
		{BCB88095-00F6-490D-A971-F4874944D765}.Release|Any CPU.Build.0 = Release|Any CPU
		{1EE5181C-1106-4B3B-936E-219F235FB7EA}.Debug|Any CPU.ActiveCfg = Debug|Any CPU
		{1EE5181C-1106-4B3B-936E-219F235FB7EA}.Debug|Any CPU.Build.0 = Debug|Any CPU
		{1EE5181C-1106-4B3B-936E-219F235FB7EA}.Release|Any CPU.ActiveCfg = Release|Any CPU
		{1EE5181C-1106-4B3B-936E-219F235FB7EA}.Release|Any CPU.Build.0 = Release|Any CPU
		{187EB882-31BD-4B0B-8D97-A9061DF04835}.Debug|Any CPU.ActiveCfg = Debug|Any CPU
		{187EB882-31BD-4B0B-8D97-A9061DF04835}.Debug|Any CPU.Build.0 = Debug|Any CPU
		{187EB882-31BD-4B0B-8D97-A9061DF04835}.Release|Any CPU.ActiveCfg = Release|Any CPU
		{187EB882-31BD-4B0B-8D97-A9061DF04835}.Release|Any CPU.Build.0 = Release|Any CPU
		{62B2EA02-9D0E-42AE-ADC1-C1E2CFFE664A}.Debug|Any CPU.ActiveCfg = Debug|Any CPU
		{62B2EA02-9D0E-42AE-ADC1-C1E2CFFE664A}.Debug|Any CPU.Build.0 = Debug|Any CPU
		{62B2EA02-9D0E-42AE-ADC1-C1E2CFFE664A}.Release|Any CPU.ActiveCfg = Release|Any CPU
		{62B2EA02-9D0E-42AE-ADC1-C1E2CFFE664A}.Release|Any CPU.Build.0 = Release|Any CPU
		{EB6A4EBB-43A9-41AC-88BC-2786524EFBA9}.Debug|Any CPU.ActiveCfg = Debug|Any CPU
		{EB6A4EBB-43A9-41AC-88BC-2786524EFBA9}.Debug|Any CPU.Build.0 = Debug|Any CPU
		{EB6A4EBB-43A9-41AC-88BC-2786524EFBA9}.Release|Any CPU.ActiveCfg = Release|Any CPU
		{EB6A4EBB-43A9-41AC-88BC-2786524EFBA9}.Release|Any CPU.Build.0 = Release|Any CPU
		{4919ED07-112C-4307-B133-94B290CB82AA}.Debug|Any CPU.ActiveCfg = Debug|Any CPU
		{4919ED07-112C-4307-B133-94B290CB82AA}.Debug|Any CPU.Build.0 = Debug|Any CPU
		{4919ED07-112C-4307-B133-94B290CB82AA}.Release|Any CPU.ActiveCfg = Release|Any CPU
		{4919ED07-112C-4307-B133-94B290CB82AA}.Release|Any CPU.Build.0 = Release|Any CPU
		{B9C67944-6BA7-4E00-95A6-4ED0C44A7025}.Debug|Any CPU.ActiveCfg = Debug|Any CPU
		{B9C67944-6BA7-4E00-95A6-4ED0C44A7025}.Debug|Any CPU.Build.0 = Debug|Any CPU
		{B9C67944-6BA7-4E00-95A6-4ED0C44A7025}.Release|Any CPU.ActiveCfg = Release|Any CPU
		{B9C67944-6BA7-4E00-95A6-4ED0C44A7025}.Release|Any CPU.Build.0 = Release|Any CPU
		{D128AD07-8215-4FAF-B6A6-7BFDE3461480}.Debug|Any CPU.ActiveCfg = Debug|Any CPU
		{D128AD07-8215-4FAF-B6A6-7BFDE3461480}.Debug|Any CPU.Build.0 = Debug|Any CPU
		{D128AD07-8215-4FAF-B6A6-7BFDE3461480}.Release|Any CPU.ActiveCfg = Release|Any CPU
		{D128AD07-8215-4FAF-B6A6-7BFDE3461480}.Release|Any CPU.Build.0 = Release|Any CPU
		{896084B3-583F-41E6-A4E1-C6D6494EEA4A}.Debug|Any CPU.ActiveCfg = Debug|Any CPU
		{896084B3-583F-41E6-A4E1-C6D6494EEA4A}.Debug|Any CPU.Build.0 = Debug|Any CPU
		{896084B3-583F-41E6-A4E1-C6D6494EEA4A}.Release|Any CPU.ActiveCfg = Release|Any CPU
		{896084B3-583F-41E6-A4E1-C6D6494EEA4A}.Release|Any CPU.Build.0 = Release|Any CPU
		{C70288C5-3329-43D6-9CBA-6C91DD68CB39}.Debug|Any CPU.ActiveCfg = Debug|Any CPU
		{C70288C5-3329-43D6-9CBA-6C91DD68CB39}.Debug|Any CPU.Build.0 = Debug|Any CPU
		{C70288C5-3329-43D6-9CBA-6C91DD68CB39}.Release|Any CPU.ActiveCfg = Release|Any CPU
		{C70288C5-3329-43D6-9CBA-6C91DD68CB39}.Release|Any CPU.Build.0 = Release|Any CPU
		{3099A451-9A2E-4A08-9CDF-F32C8946370D}.Debug|Any CPU.ActiveCfg = Debug|Any CPU
		{3099A451-9A2E-4A08-9CDF-F32C8946370D}.Debug|Any CPU.Build.0 = Debug|Any CPU
		{3099A451-9A2E-4A08-9CDF-F32C8946370D}.Release|Any CPU.ActiveCfg = Release|Any CPU
		{3099A451-9A2E-4A08-9CDF-F32C8946370D}.Release|Any CPU.Build.0 = Release|Any CPU
		{0607ADB9-5433-487A-B789-85AD80D6E5DF}.Debug|Any CPU.ActiveCfg = Debug|Any CPU
		{0607ADB9-5433-487A-B789-85AD80D6E5DF}.Debug|Any CPU.Build.0 = Debug|Any CPU
		{0607ADB9-5433-487A-B789-85AD80D6E5DF}.Release|Any CPU.ActiveCfg = Release|Any CPU
		{0607ADB9-5433-487A-B789-85AD80D6E5DF}.Release|Any CPU.Build.0 = Release|Any CPU
		{72023711-7F42-439A-894B-64ABDC9337FE}.Debug|Any CPU.ActiveCfg = Debug|Any CPU
		{72023711-7F42-439A-894B-64ABDC9337FE}.Debug|Any CPU.Build.0 = Debug|Any CPU
		{72023711-7F42-439A-894B-64ABDC9337FE}.Release|Any CPU.ActiveCfg = Release|Any CPU
		{72023711-7F42-439A-894B-64ABDC9337FE}.Release|Any CPU.Build.0 = Release|Any CPU
		{26BB0AA2-9D8F-440C-B0F1-37F79FBB9D15}.Debug|Any CPU.ActiveCfg = Debug|Any CPU
		{26BB0AA2-9D8F-440C-B0F1-37F79FBB9D15}.Debug|Any CPU.Build.0 = Debug|Any CPU
		{26BB0AA2-9D8F-440C-B0F1-37F79FBB9D15}.Release|Any CPU.ActiveCfg = Release|Any CPU
		{26BB0AA2-9D8F-440C-B0F1-37F79FBB9D15}.Release|Any CPU.Build.0 = Release|Any CPU
		{27DC5BEA-782F-4017-B2BF-99E5D22003FB}.Debug|Any CPU.ActiveCfg = Debug|Any CPU
		{27DC5BEA-782F-4017-B2BF-99E5D22003FB}.Debug|Any CPU.Build.0 = Debug|Any CPU
		{27DC5BEA-782F-4017-B2BF-99E5D22003FB}.Release|Any CPU.ActiveCfg = Release|Any CPU
		{27DC5BEA-782F-4017-B2BF-99E5D22003FB}.Release|Any CPU.Build.0 = Release|Any CPU
		{F7E4DD0B-948E-43B8-9D0D-E63E0E3C183C}.Debug|Any CPU.ActiveCfg = Debug|Any CPU
		{F7E4DD0B-948E-43B8-9D0D-E63E0E3C183C}.Debug|Any CPU.Build.0 = Debug|Any CPU
		{F7E4DD0B-948E-43B8-9D0D-E63E0E3C183C}.Release|Any CPU.ActiveCfg = Release|Any CPU
		{F7E4DD0B-948E-43B8-9D0D-E63E0E3C183C}.Release|Any CPU.Build.0 = Release|Any CPU
		{99C6FDB9-4F8C-40CE-A31C-84E4558D7774}.Debug|Any CPU.ActiveCfg = Debug|Any CPU
		{99C6FDB9-4F8C-40CE-A31C-84E4558D7774}.Debug|Any CPU.Build.0 = Debug|Any CPU
		{99C6FDB9-4F8C-40CE-A31C-84E4558D7774}.Release|Any CPU.ActiveCfg = Release|Any CPU
		{99C6FDB9-4F8C-40CE-A31C-84E4558D7774}.Release|Any CPU.Build.0 = Release|Any CPU
		{84452AD7-43E2-457E-A943-2098998D4591}.Debug|Any CPU.ActiveCfg = Debug|Any CPU
		{84452AD7-43E2-457E-A943-2098998D4591}.Debug|Any CPU.Build.0 = Debug|Any CPU
		{84452AD7-43E2-457E-A943-2098998D4591}.Release|Any CPU.ActiveCfg = Release|Any CPU
		{84452AD7-43E2-457E-A943-2098998D4591}.Release|Any CPU.Build.0 = Release|Any CPU
		{C4260E5E-C67A-450E-AA29-E15F67F81C55}.Debug|Any CPU.ActiveCfg = Debug|Any CPU
		{C4260E5E-C67A-450E-AA29-E15F67F81C55}.Debug|Any CPU.Build.0 = Debug|Any CPU
		{C4260E5E-C67A-450E-AA29-E15F67F81C55}.Release|Any CPU.ActiveCfg = Release|Any CPU
		{C4260E5E-C67A-450E-AA29-E15F67F81C55}.Release|Any CPU.Build.0 = Release|Any CPU
		{CEBC2351-CC41-4DB2-8116-28BAEEBFDC55}.Debug|Any CPU.ActiveCfg = Debug|Any CPU
		{CEBC2351-CC41-4DB2-8116-28BAEEBFDC55}.Debug|Any CPU.Build.0 = Debug|Any CPU
		{CEBC2351-CC41-4DB2-8116-28BAEEBFDC55}.Release|Any CPU.ActiveCfg = Release|Any CPU
		{CEBC2351-CC41-4DB2-8116-28BAEEBFDC55}.Release|Any CPU.Build.0 = Release|Any CPU
		{BEC47DCE-67C8-4297-B9AA-B714E51406D7}.Debug|Any CPU.ActiveCfg = Debug|Any CPU
		{BEC47DCE-67C8-4297-B9AA-B714E51406D7}.Debug|Any CPU.Build.0 = Debug|Any CPU
		{BEC47DCE-67C8-4297-B9AA-B714E51406D7}.Release|Any CPU.ActiveCfg = Release|Any CPU
		{BEC47DCE-67C8-4297-B9AA-B714E51406D7}.Release|Any CPU.Build.0 = Release|Any CPU
		{3F006DFD-0B98-496F-86F3-BFA94685CC12}.Debug|Any CPU.ActiveCfg = Debug|Any CPU
		{3F006DFD-0B98-496F-86F3-BFA94685CC12}.Debug|Any CPU.Build.0 = Debug|Any CPU
		{3F006DFD-0B98-496F-86F3-BFA94685CC12}.Release|Any CPU.ActiveCfg = Release|Any CPU
		{3F006DFD-0B98-496F-86F3-BFA94685CC12}.Release|Any CPU.Build.0 = Release|Any CPU
		{30134887-7709-4F42-B69E-5853AFCA8EC0}.Debug|Any CPU.ActiveCfg = Debug|Any CPU
		{30134887-7709-4F42-B69E-5853AFCA8EC0}.Debug|Any CPU.Build.0 = Debug|Any CPU
		{30134887-7709-4F42-B69E-5853AFCA8EC0}.Release|Any CPU.ActiveCfg = Release|Any CPU
		{30134887-7709-4F42-B69E-5853AFCA8EC0}.Release|Any CPU.Build.0 = Release|Any CPU
		{2F88B0F8-A600-40A7-97AF-989D12335394}.Debug|Any CPU.ActiveCfg = Debug|Any CPU
		{2F88B0F8-A600-40A7-97AF-989D12335394}.Debug|Any CPU.Build.0 = Debug|Any CPU
		{2F88B0F8-A600-40A7-97AF-989D12335394}.Release|Any CPU.ActiveCfg = Release|Any CPU
		{2F88B0F8-A600-40A7-97AF-989D12335394}.Release|Any CPU.Build.0 = Release|Any CPU
		{D144CE71-71DB-466B-A875-FE101C87AE77}.Debug|Any CPU.ActiveCfg = Debug|Any CPU
		{D144CE71-71DB-466B-A875-FE101C87AE77}.Debug|Any CPU.Build.0 = Debug|Any CPU
		{D144CE71-71DB-466B-A875-FE101C87AE77}.Release|Any CPU.ActiveCfg = Release|Any CPU
		{D144CE71-71DB-466B-A875-FE101C87AE77}.Release|Any CPU.Build.0 = Release|Any CPU
	EndGlobalSection
	GlobalSection(SolutionProperties) = preSolution
		HideSolutionNode = FALSE
	EndGlobalSection
	GlobalSection(NestedProjects) = preSolution
		{AAF214DC-5450-41A6-B71D-284D3A66948A} = {D106335B-0CC3-4CDA-B655-72F764AE810B}
		{0183ABDA-8B7E-48D3-8677-5F38733408AA} = {D106335B-0CC3-4CDA-B655-72F764AE810B}
		{D9972EC1-10B1-4E28-B28D-75ACD183BEF4} = {D106335B-0CC3-4CDA-B655-72F764AE810B}
		{E151692D-CE66-4FFB-905D-E8A38271F374} = {0183ABDA-8B7E-48D3-8677-5F38733408AA}
		{0C470978-38D8-4EEE-BE0B-54289EEE4845} = {0183ABDA-8B7E-48D3-8677-5F38733408AA}
		{6FC09445-4AEC-4539-9578-FA72EB55D913} = {D106335B-0CC3-4CDA-B655-72F764AE810B}
		{BCB88095-00F6-490D-A971-F4874944D765} = {6FC09445-4AEC-4539-9578-FA72EB55D913}
		{1EE5181C-1106-4B3B-936E-219F235FB7EA} = {6FC09445-4AEC-4539-9578-FA72EB55D913}
		{187EB882-31BD-4B0B-8D97-A9061DF04835} = {6FC09445-4AEC-4539-9578-FA72EB55D913}
		{62B2EA02-9D0E-42AE-ADC1-C1E2CFFE664A} = {AAF214DC-5450-41A6-B71D-284D3A66948A}
		{EB6A4EBB-43A9-41AC-88BC-2786524EFBA9} = {AAF214DC-5450-41A6-B71D-284D3A66948A}
		{4919ED07-112C-4307-B133-94B290CB82AA} = {AAF214DC-5450-41A6-B71D-284D3A66948A}
		{B9C67944-6BA7-4E00-95A6-4ED0C44A7025} = {AAF214DC-5450-41A6-B71D-284D3A66948A}
		{D128AD07-8215-4FAF-B6A6-7BFDE3461480} = {AAF214DC-5450-41A6-B71D-284D3A66948A}
		{896084B3-583F-41E6-A4E1-C6D6494EEA4A} = {AAF214DC-5450-41A6-B71D-284D3A66948A}
		{C70288C5-3329-43D6-9CBA-6C91DD68CB39} = {AAF214DC-5450-41A6-B71D-284D3A66948A}
		{3099A451-9A2E-4A08-9CDF-F32C8946370D} = {AAF214DC-5450-41A6-B71D-284D3A66948A}
		{0607ADB9-5433-487A-B789-85AD80D6E5DF} = {AAF214DC-5450-41A6-B71D-284D3A66948A}
		{72023711-7F42-439A-894B-64ABDC9337FE} = {AAF214DC-5450-41A6-B71D-284D3A66948A}
		{26BB0AA2-9D8F-440C-B0F1-37F79FBB9D15} = {AAF214DC-5450-41A6-B71D-284D3A66948A}
		{27DC5BEA-782F-4017-B2BF-99E5D22003FB} = {AAF214DC-5450-41A6-B71D-284D3A66948A}
		{F7E4DD0B-948E-43B8-9D0D-E63E0E3C183C} = {AAF214DC-5450-41A6-B71D-284D3A66948A}
		{99C6FDB9-4F8C-40CE-A31C-84E4558D7774} = {D9972EC1-10B1-4E28-B28D-75ACD183BEF4}
		{B5D156F6-E4C0-4374-A781-AF85C5B56072} = {D106335B-0CC3-4CDA-B655-72F764AE810B}
		{05448DF8-4EEE-43E4-B96F-E6CED46FCBE8} = {B5D156F6-E4C0-4374-A781-AF85C5B56072}
		{84452AD7-43E2-457E-A943-2098998D4591} = {05448DF8-4EEE-43E4-B96F-E6CED46FCBE8}
		{C4260E5E-C67A-450E-AA29-E15F67F81C55} = {05448DF8-4EEE-43E4-B96F-E6CED46FCBE8}
		{CEBC2351-CC41-4DB2-8116-28BAEEBFDC55} = {05448DF8-4EEE-43E4-B96F-E6CED46FCBE8}
		{BEC47DCE-67C8-4297-B9AA-B714E51406D7} = {AAF214DC-5450-41A6-B71D-284D3A66948A}
		{3F006DFD-0B98-496F-86F3-BFA94685CC12} = {D9972EC1-10B1-4E28-B28D-75ACD183BEF4}
		{6D839496-48A0-432A-B4FC-C5DD2F67B9EB} = {A9C544B2-81A1-4F5D-A467-9FB67CF809A6}
		{4931570F-B885-4E7A-9253-C9604C6AAE3F} = {6D839496-48A0-432A-B4FC-C5DD2F67B9EB}
		{30134887-7709-4F42-B69E-5853AFCA8EC0} = {4931570F-B885-4E7A-9253-C9604C6AAE3F}
		{2F88B0F8-A600-40A7-97AF-989D12335394} = {05448DF8-4EEE-43E4-B96F-E6CED46FCBE8}
		{D144CE71-71DB-466B-A875-FE101C87AE77} = {4931570F-B885-4E7A-9253-C9604C6AAE3F}
	EndGlobalSection
EndGlobal
