
Microsoft Visual Studio Solution File, Format Version 12.00
# Visual Studio Version 17
VisualStudioVersion = 17.12.35527.113
MinimumVisualStudioVersion = 10.0.40219.1
Project("{FAE04EC0-301F-11D3-BF4B-00C04F79EFBC}") = "BeforeBuild", "BeforeBuild\BeforeBuild.csproj", "{BA4A72EC-5A5E-4C9C-B5EA-B5D317541391}"
EndProject
Project("{FAE04EC0-301F-11D3-BF4B-00C04F79EFBC}") = "CustomEcommerce", "CustomEcommerce\CustomEcommerce.csproj", "{8C43747F-6AFA-4772-BA06-573685B3450F}"
EndProject
Project("{2150E333-8FDC-42A3-9474-1A3956D46DE8}") = "NopCommerce", "NopCommerce", "{D106335B-0CC3-4CDA-B655-72F764AE810B}"
EndProject
Project("{2150E333-8FDC-42A3-9474-1A3956D46DE8}") = "Plugins", "Plugins", "{AAF214DC-5450-41A6-B71D-284D3A66948A}"
EndProject
Project("{2150E333-8FDC-42A3-9474-1A3956D46DE8}") = "Presentation", "Presentation", "{0183ABDA-8B7E-48D3-8677-5F38733408AA}"
EndProject
Project("{2150E333-8FDC-42A3-9474-1A3956D46DE8}") = "Tests", "Tests", "{D9972EC1-10B1-4E28-B28D-75ACD183BEF4}"
EndProject
Project("{FAE04EC0-301F-11D3-BF4B-00C04F79EFBC}") = "Nop.Web", "NopCommerce\src\Presentation\Nop.Web\Nop.Web.csproj", "{E151692D-CE66-4FFB-905D-E8A38271F374}"
EndProject
Project("{FAE04EC0-301F-11D3-BF4B-00C04F79EFBC}") = "Nop.Web.Framework", "NopCommerce\src\Presentation\Nop.Web.Framework\Nop.Web.Framework.csproj", "{0C470978-38D8-4EEE-BE0B-54289EEE4845}"
EndProject
Project("{2150E333-8FDC-42A3-9474-1A3956D46DE8}") = "Libraries", "Libraries", "{6FC09445-4AEC-4539-9578-FA72EB55D913}"
EndProject
Project("{FAE04EC0-301F-11D3-BF4B-00C04F79EFBC}") = "Nop.Core", "NopCommerce\src\Libraries\Nop.Core\Nop.Core.csproj", "{BCB88095-00F6-490D-A971-F4874944D765}"
EndProject
Project("{FAE04EC0-301F-11D3-BF4B-00C04F79EFBC}") = "Nop.Data", "NopCommerce\src\Libraries\Nop.Data\Nop.Data.csproj", "{1EE5181C-1106-4B3B-936E-219F235FB7EA}"
EndProject
Project("{FAE04EC0-301F-11D3-BF4B-00C04F79EFBC}") = "Nop.Services", "NopCommerce\src\Libraries\Nop.Services\Nop.Services.csproj", "{187EB882-31BD-4B0B-8D97-A9061DF04835}"
EndProject
Global
	GlobalSection(SolutionConfigurationPlatforms) = preSolution
		Debug|Any CPU = Debug|Any CPU
		Release|Any CPU = Release|Any CPU
	EndGlobalSection
	GlobalSection(ProjectConfigurationPlatforms) = postSolution
		{BA4A72EC-5A5E-4C9C-B5EA-B5D317541391}.Debug|Any CPU.ActiveCfg = Debug|Any CPU
		{BA4A72EC-5A5E-4C9C-B5EA-B5D317541391}.Debug|Any CPU.Build.0 = Debug|Any CPU
		{BA4A72EC-5A5E-4C9C-B5EA-B5D317541391}.Release|Any CPU.ActiveCfg = Release|Any CPU
		{BA4A72EC-5A5E-4C9C-B5EA-B5D317541391}.Release|Any CPU.Build.0 = Release|Any CPU
		{8C43747F-6AFA-4772-BA06-573685B3450F}.Debug|Any CPU.ActiveCfg = Debug|Any CPU
		{8C43747F-6AFA-4772-BA06-573685B3450F}.Debug|Any CPU.Build.0 = Debug|Any CPU
		{8C43747F-6AFA-4772-BA06-573685B3450F}.Release|Any CPU.ActiveCfg = Release|Any CPU
		{8C43747F-6AFA-4772-BA06-573685B3450F}.Release|Any CPU.Build.0 = Release|Any CPU
		{E151692D-CE66-4FFB-905D-E8A38271F374}.Debug|Any CPU.ActiveCfg = Debug|Any CPU
		{E151692D-CE66-4FFB-905D-E8A38271F374}.Debug|Any CPU.Build.0 = Debug|Any CPU
		{E151692D-CE66-4FFB-905D-E8A38271F374}.Release|Any CPU.ActiveCfg = Release|Any CPU
		{E151692D-CE66-4FFB-905D-E8A38271F374}.Release|Any CPU.Build.0 = Release|Any CPU
		{0C470978-38D8-4EEE-BE0B-54289EEE4845}.Debug|Any CPU.ActiveCfg = Debug|Any CPU
		{0C470978-38D8-4EEE-BE0B-54289EEE4845}.Debug|Any CPU.Build.0 = Debug|Any CPU
		{0C470978-38D8-4EEE-BE0B-54289EEE4845}.Release|Any CPU.ActiveCfg = Release|Any CPU
		{0C470978-38D8-4EEE-BE0B-54289EEE4845}.Release|Any CPU.Build.0 = Release|Any CPU
		{BCB88095-00F6-490D-A971-F4874944D765}.Debug|Any CPU.ActiveCfg = Debug|Any CPU
		{BCB88095-00F6-490D-A971-F4874944D765}.Debug|Any CPU.Build.0 = Debug|Any CPU
		{BCB88095-00F6-490D-A971-F4874944D765}.Release|Any CPU.ActiveCfg = Release|Any CPU
		{BCB88095-00F6-490D-A971-F4874944D765}.Release|Any CPU.Build.0 = Release|Any CPU
		{1EE5181C-1106-4B3B-936E-219F235FB7EA}.Debug|Any CPU.ActiveCfg = Debug|Any CPU
		{1EE5181C-1106-4B3B-936E-219F235FB7EA}.Debug|Any CPU.Build.0 = Debug|Any CPU
		{1EE5181C-1106-4B3B-936E-219F235FB7EA}.Release|Any CPU.ActiveCfg = Release|Any CPU
		{1EE5181C-1106-4B3B-936E-219F235FB7EA}.Release|Any CPU.Build.0 = Release|Any CPU
		{187EB882-31BD-4B0B-8D97-A9061DF04835}.Debug|Any CPU.ActiveCfg = Debug|Any CPU
		{187EB882-31BD-4B0B-8D97-A9061DF04835}.Debug|Any CPU.Build.0 = Debug|Any CPU
		{187EB882-31BD-4B0B-8D97-A9061DF04835}.Release|Any CPU.ActiveCfg = Release|Any CPU
		{187EB882-31BD-4B0B-8D97-A9061DF04835}.Release|Any CPU.Build.0 = Release|Any CPU
	EndGlobalSection
	GlobalSection(SolutionProperties) = preSolution
		HideSolutionNode = FALSE
	EndGlobalSection
	GlobalSection(NestedProjects) = preSolution
		{AAF214DC-5450-41A6-B71D-284D3A66948A} = {D106335B-0CC3-4CDA-B655-72F764AE810B}
		{0183ABDA-8B7E-48D3-8677-5F38733408AA} = {D106335B-0CC3-4CDA-B655-72F764AE810B}
		{D9972EC1-10B1-4E28-B28D-75ACD183BEF4} = {D106335B-0CC3-4CDA-B655-72F764AE810B}
		{E151692D-CE66-4FFB-905D-E8A38271F374} = {0183ABDA-8B7E-48D3-8677-5F38733408AA}
		{0C470978-38D8-4EEE-BE0B-54289EEE4845} = {0183ABDA-8B7E-48D3-8677-5F38733408AA}
		{6FC09445-4AEC-4539-9578-FA72EB55D913} = {D106335B-0CC3-4CDA-B655-72F764AE810B}
		{BCB88095-00F6-490D-A971-F4874944D765} = {6FC09445-4AEC-4539-9578-FA72EB55D913}
		{1EE5181C-1106-4B3B-936E-219F235FB7EA} = {6FC09445-4AEC-4539-9578-FA72EB55D913}
		{187EB882-31BD-4B0B-8D97-A9061DF04835} = {6FC09445-4AEC-4539-9578-FA72EB55D913}
	EndGlobalSection
EndGlobal
